
Microsoft Visual Studio Solution File, Format Version 12.00
# Visual Studio Version 16
VisualStudioVersion = 16.0.30621.155
MinimumVisualStudioVersion = 10.0.40219.1
Project("{8BC9CEB8-8B4A-11D0-8D11-00A0C91BC942}") = "Corbeille_2_v2", "Corbeille_2_v2\Corbeille_2_v2.vcxproj", "{BB60DCAB-DE14-487F-AB39-47A0D517AEC8}"
EndProject
Global
	GlobalSection(SolutionConfigurationPlatforms) = preSolution
		Debug|x64 = Debug|x64
		Debug|x86 = Debug|x86
		Release|x64 = Release|x64
		Release|x86 = Release|x86
	EndGlobalSection
	GlobalSection(ProjectConfigurationPlatforms) = postSolution
		{BB60DCAB-DE14-487F-AB39-47A0D517AEC8}.Debug|x64.ActiveCfg = Debug|x64
		{BB60DCAB-DE14-487F-AB39-47A0D517AEC8}.Debug|x64.Build.0 = Debug|x64
		{BB60DCAB-DE14-487F-AB39-47A0D517AEC8}.Debug|x86.ActiveCfg = Debug|Win32
		{BB60DCAB-DE14-487F-AB39-47A0D517AEC8}.Debug|x86.Build.0 = Debug|Win32
		{BB60DCAB-DE14-487F-AB39-47A0D517AEC8}.Release|x64.ActiveCfg = Release|x64
		{BB60DCAB-DE14-487F-AB39-47A0D517AEC8}.Release|x64.Build.0 = Release|x64
		{BB60DCAB-DE14-487F-AB39-47A0D517AEC8}.Release|x86.ActiveCfg = Release|Win32
		{BB60DCAB-DE14-487F-AB39-47A0D517AEC8}.Release|x86.Build.0 = Release|Win32
	EndGlobalSection
	GlobalSection(SolutionProperties) = preSolution
		HideSolutionNode = FALSE
	EndGlobalSection
	GlobalSection(ExtensibilityGlobals) = postSolution
		SolutionGuid = {83008B5B-CA1B-4AF6-B57E-B2C71B8452C6}
	EndGlobalSection
EndGlobal
